# This file is autogenerated, do not edit; changes may be undone by the next 'dep ensure'.


[[projects]]
  branch = "master"
  digest = "1:16448cc34c274f3c9644f235517f28562263e7029e58c2e388652fac2e109164"
  name = "github.com/joaosoft/errors"
  packages = ["."]
  pruneopts = "UT"
  revision = "5be0a9d62458e8b47c998d0b36192a629f55786f"

[solve-meta]
  analyzer-name = "dep"
  analyzer-version = 1
  input-imports = ["github.com/joaosoft/errors"]
  solver-name = "gps-cdcl"
  solver-version = 1
